
Microsoft Visual Studio Solution File, Format Version 12.00
# Visual Studio Version 16
VisualStudioVersion = 16.0.32126.315
MinimumVisualStudioVersion = 10.0.40219.1
Project("{FAE04EC0-301F-11D3-BF4B-00C04F79EFBC}") = "SQLConnectionTester", "SQLConnectionTester\SQLConnectionTester.csproj", "{69382D14-7EB8-4A87-906C-F8752A94E8FA}"
EndProject
Global
	GlobalSection(SolutionConfigurationPlatforms) = preSolution
		Debug|Any CPU = Debug|Any CPU
		Release|Any CPU = Release|Any CPU
	EndGlobalSection
	GlobalSection(ProjectConfigurationPlatforms) = postSolution
		{69382D14-7EB8-4A87-906C-F8752A94E8FA}.Debug|Any CPU.ActiveCfg = Debug|Any CPU
		{69382D14-7EB8-4A87-906C-F8752A94E8FA}.Debug|Any CPU.Build.0 = Debug|Any CPU
		{69382D14-7EB8-4A87-906C-F8752A94E8FA}.Release|Any CPU.ActiveCfg = Release|Any CPU
		{69382D14-7EB8-4A87-906C-F8752A94E8FA}.Release|Any CPU.Build.0 = Release|Any CPU
	EndGlobalSection
	GlobalSection(SolutionProperties) = preSolution
		HideSolutionNode = FALSE
	EndGlobalSection
	GlobalSection(ExtensibilityGlobals) = postSolution
		SolutionGuid = {9B4B9D97-CEA0-4CFE-8201-0D2EDF4A4F74}
	EndGlobalSection
EndGlobal
